{
	"name": "starry-plugin-kiwiirc",
	"version": "0.1.0",
	"lockfileVersion": 1,
	"requires": true,
	"dependencies": {
		"emoji-mart-vue": {
			"version": "2.5.3",
			"resolved": "https://registry.npmjs.org/emoji-mart-vue/-/emoji-mart-vue-2.5.3.tgz",
			"integrity": "sha512-ewbx7eIzcrQrgDfbTWwUW4Kw9F1bjAMYMfAx8vTEeNejJ4aFQwAlUozjM/Rl/e6gkc2G2K7SUbI7qsviHi/ioQ=="
		},
		"vue": {
			"version": "2.5.16",
			"resolved": "https://registry.npmjs.org/vue/-/vue-2.5.16.tgz",
			"integrity": "sha512-/ffmsiVuPC8PsWcFkZngdpas19ABm5mh2wA7iDqcltyCTwlgZjHGeJYOXkBMo422iPwIcviOtrTCUpSfXmToLQ=="
		}
	}
}
